# This file is automatically @generated by Poetry 1.5.1 and should not be changed by hand.

[[package]]
name = "certifi"
version = "2023.7.22"
description = "Python package for providing Mozilla's CA Bundle."
optional = false
python-versions = ">=3.6"
files = [
    {file = "certifi-2023.7.22-py3-none-any.whl", hash = "sha256:92d6037539857d8206b8f6ae472e8b77db8058fec5937a1ef3f54304089edbb9"},
    {file = "certifi-2023.7.22.tar.gz", hash = "sha256:539cc1d13202e33ca466e88b2807e29f4c13049d6d87031a3c110744495cb082"},
]

[[package]]
name = "h3"
version = "3.7.6"
description = "Hierarchical hexagonal geospatial indexing system"
optional = false
python-versions = "*"
files = [
    {file = "h3-3.7.6-cp27-cp27m-macosx_10_9_x86_64.whl", hash = "sha256:cd4a5103a86a7d98cffa3be77eb82080aa2e9d676bbd1661f3db9ecad7a4ef2b"},
    {file = "h3-3.7.6-cp27-cp27m-manylinux2010_x86_64.whl", hash = "sha256:231959dceb4cc4ae86fe4fe2c385b176ed81712549e787b889dfa66f583676df"},
    {file = "h3-3.7.6-cp27-cp27mu-manylinux2010_x86_64.whl", hash = "sha256:b9de9da755c90bbc90d6c041396a20c91816cd86a0bafa3b8899681cfdc2c4c6"},
    {file = "h3-3.7.6-cp310-cp310-macosx_10_9_x86_64.whl", hash = "sha256:cda9a427b0de0d4069115ec765118888f180d0db915b5bc0dba52f5ae957b789"},
    {file = "h3-3.7.6-cp310-cp310-macosx_11_0_arm64.whl", hash = "sha256:8bf1e080b9a47774754834e7f10155f3d2e3542bf895488a0519b2ae7d5b15db"},
    {file = "h3-3.7.6-cp310-cp310-manylinux_2_17_aarch64.manylinux2014_aarch64.whl", hash = "sha256:1d3b93e3f38eb6c8fc5051d1b289b74614fb5f2415d272fea18085dea260d6b0"},
    {file = "h3-3.7.6-cp310-cp310-manylinux_2_17_x86_64.manylinux2014_x86_64.whl", hash = "sha256:783b2ca4448360c5a184fd43b84fc5554e3a8fd02738ff31349506189c5b4b49"},
    {file = "h3-3.7.6-cp310-cp310-musllinux_1_1_x86_64.whl", hash = "sha256:3bae8b95f21f20f04141a35f15c8caa74f2046eb01ef49e35fc45e6a8edfc8df"},
    {file = "h3-3.7.6-cp310-cp310-win_amd64.whl", hash = "sha256:6ca9dd410e250d37f24a87c4ecb0615bb6d44a3f90eb5dbbf1b5e3d4489b8703"},
    {file = "h3-3.7.6-cp311-cp311-macosx_10_9_x86_64.whl", hash = "sha256:991ee991f2ae41f629feb1cd32fa677b8512c72696eb0ad94fcf359d61184b2e"},
    {file = "h3-3.7.6-cp311-cp311-macosx_11_0_arm64.whl", hash = "sha256:fcbfff87d223279f8e38bbee3ebf52b1b96ae280e9e7de24674d3c284373d946"},
    {file = "h3-3.7.6-cp311-cp311-manylinux_2_17_aarch64.manylinux2014_aarch64.whl", hash = "sha256:eddf10d1d2139b3ea3ad1618c2074e1c47d3d36bddb5359e4955f5fd0b089d93"},
    {file = "h3-3.7.6-cp311-cp311-manylinux_2_17_x86_64.manylinux2014_x86_64.whl", hash = "sha256:76abc02f14a8df42fb5d80e6045023fb756c49d3cb08d69a8ceb9362b95d4bec"},
    {file = "h3-3.7.6-cp311-cp311-musllinux_1_1_x86_64.whl", hash = "sha256:fc8030968586a7810aa192397ad9a4f7d7a963f57c9b3e210fc38de0aa5c2533"},
    {file = "h3-3.7.6-cp311-cp311-win_amd64.whl", hash = "sha256:1bdc790d91138e781973dcaade5231db7fe8a876330939e0903f602acc4fb64c"},
    {file = "h3-3.7.6-cp36-cp36m-macosx_10_9_x86_64.whl", hash = "sha256:198718ab20a06ebe52f0aaafc02469e4a51964e5ba7990c3cc1d2fc32e7a54d9"},
    {file = "h3-3.7.6-cp36-cp36m-manylinux_2_17_aarch64.manylinux2014_aarch64.whl", hash = "sha256:02faa911f2d8425c641a1f7c08f3dc9c10a5a3d81408832afa40748534b999c8"},
    {file = "h3-3.7.6-cp36-cp36m-manylinux_2_17_x86_64.manylinux2014_x86_64.whl", hash = "sha256:1b4db92ceaeb9a51cc875c302cdc5e1aa27eed776d95943ee55c941bc2f219a3"},
    {file = "h3-3.7.6-cp36-cp36m-musllinux_1_1_x86_64.whl", hash = "sha256:4810ddb3d91411a6cbf87a28108fe31712f618ef223c349e1f6675602af2c473"},
    {file = "h3-3.7.6-cp36-cp36m-win_amd64.whl", hash = "sha256:211ef3317dcf7863e2d01a97ab6da319b8451d78cd1633dd28faaf69e66bc321"},
    {file = "h3-3.7.6-cp37-cp37m-macosx_10_9_x86_64.whl", hash = "sha256:99b81620608378fc9910a5c630b0f17eb939156fa13e1adc55229d31f8c3f5ca"},
    {file = "h3-3.7.6-cp37-cp37m-manylinux_2_17_aarch64.manylinux2014_aarch64.whl", hash = "sha256:26f3175bd3ea3ee528dbf49308e7215a58351ce425e1c3a9838ae22526663311"},
    {file = "h3-3.7.6-cp37-cp37m-manylinux_2_17_x86_64.manylinux2014_x86_64.whl", hash = "sha256:7d7b69015f5bab2525914fad370b96dc386437e19a14cfed3eb13868589263db"},
    {file = "h3-3.7.6-cp37-cp37m-musllinux_1_1_x86_64.whl", hash = "sha256:d0c2890fa10fa8695c020569c8d55da79e2c552a39533de4ae6991c7acb122e1"},
    {file = "h3-3.7.6-cp37-cp37m-win_amd64.whl", hash = "sha256:1cd4f07c49721023c5fef401a4de03c47000705dfd116579dc6b61cad821305d"},
    {file = "h3-3.7.6-cp38-cp38-macosx_10_9_x86_64.whl", hash = "sha256:f8d1db3dcd8f6ce7f54e061e6c9fbecbb5c3978b9e54e44af05a53787c4f99b3"},
    {file = "h3-3.7.6-cp38-cp38-macosx_11_0_arm64.whl", hash = "sha256:495e37b1dee0ec46ccd88b278e571234b0d0d30648f161799d65a8d7f390b3f2"},
    {file = "h3-3.7.6-cp38-cp38-manylinux_2_17_aarch64.manylinux2014_aarch64.whl", hash = "sha256:b2e2c4808b7691b176c89ebf23c173b3b23dd4ce42f8f494b32c6e31ceee49af"},
    {file = "h3-3.7.6-cp38-cp38-manylinux_2_17_x86_64.manylinux2014_x86_64.whl", hash = "sha256:b58b1298bf1068704c6d9426749c8ae6021b53d982d5153cc4161c7042ecd810"},
    {file = "h3-3.7.6-cp38-cp38-musllinux_1_1_x86_64.whl", hash = "sha256:a2872f695168c4700c73edd6eab9c6181387d7ea177de13b130ae61e613ff7de"},
    {file = "h3-3.7.6-cp38-cp38-win_amd64.whl", hash = "sha256:98c3951c3b67ca3de06ef70aa74a9752640a3eca9b4d68e0d5d8e4fc6fa72337"},
    {file = "h3-3.7.6-cp39-cp39-macosx_10_9_x86_64.whl", hash = "sha256:0724d4645c1da59e02b3305050c52b93ce1d8971d1d139433d464fcc103249a6"},
    {file = "h3-3.7.6-cp39-cp39-macosx_11_0_arm64.whl", hash = "sha256:e1f6ec0f2246381ce3a7f72da1ce825a5474eb7c8fb25a2ea1f16c6606ce34a7"},
    {file = "h3-3.7.6-cp39-cp39-manylinux_2_17_aarch64.manylinux2014_aarch64.whl", hash = "sha256:1471ff4d3875b25b521eeec5c2b72abe27b8e6af10ab99b7da5c0de545b0e832"},
    {file = "h3-3.7.6-cp39-cp39-manylinux_2_17_x86_64.manylinux2014_x86_64.whl", hash = "sha256:eb96f2caae519d0ed17acde625af528476dca121b0336d3eb776429d40284ef6"},
    {file = "h3-3.7.6-cp39-cp39-musllinux_1_1_x86_64.whl", hash = "sha256:b1b1bce0dee05175f8d422e50ffa1afacb9a7e78ae0963059aebfbef50e10175"},
    {file = "h3-3.7.6-cp39-cp39-win_amd64.whl", hash = "sha256:36ea935833c37fdfd7ffbfc000d7cd20addcdf67f30b26a6b9bccb9210b03704"},
    {file = "h3-3.7.6.tar.gz", hash = "sha256:9bbd3dbac99532fa521d7d2e288ff55877bea3223b070f659ed7b5f8f1f213eb"},
]

[package.extras]
all = ["flake8", "numpy", "pylint", "pytest", "pytest-cov"]
numpy = ["numpy"]
test = ["flake8", "pylint", "pytest", "pytest-cov"]

[[package]]
name = "numpy"
version = "1.25.1"
description = "Fundamental package for array computing in Python"
optional = false
python-versions = ">=3.9"
files = [
    {file = "numpy-1.25.1-cp310-cp310-macosx_10_9_x86_64.whl", hash = "sha256:77d339465dff3eb33c701430bcb9c325b60354698340229e1dff97745e6b3efa"},
    {file = "numpy-1.25.1-cp310-cp310-macosx_11_0_arm64.whl", hash = "sha256:d736b75c3f2cb96843a5c7f8d8ccc414768d34b0a75f466c05f3a739b406f10b"},
    {file = "numpy-1.25.1-cp310-cp310-manylinux_2_17_aarch64.manylinux2014_aarch64.whl", hash = "sha256:4a90725800caeaa160732d6b31f3f843ebd45d6b5f3eec9e8cc287e30f2805bf"},
    {file = "numpy-1.25.1-cp310-cp310-manylinux_2_17_x86_64.manylinux2014_x86_64.whl", hash = "sha256:6c6c9261d21e617c6dc5eacba35cb68ec36bb72adcff0dee63f8fbc899362588"},
    {file = "numpy-1.25.1-cp310-cp310-musllinux_1_1_x86_64.whl", hash = "sha256:0def91f8af6ec4bb94c370e38c575855bf1d0be8a8fbfba42ef9c073faf2cf19"},
    {file = "numpy-1.25.1-cp310-cp310-win32.whl", hash = "sha256:fd67b306320dcadea700a8f79b9e671e607f8696e98ec255915c0c6d6b818503"},
    {file = "numpy-1.25.1-cp310-cp310-win_amd64.whl", hash = "sha256:c1516db588987450b85595586605742879e50dcce923e8973f79529651545b57"},
    {file = "numpy-1.25.1-cp311-cp311-macosx_10_9_x86_64.whl", hash = "sha256:6b82655dd8efeea69dbf85d00fca40013d7f503212bc5259056244961268b66e"},
    {file = "numpy-1.25.1-cp311-cp311-macosx_11_0_arm64.whl", hash = "sha256:e8f6049c4878cb16960fbbfb22105e49d13d752d4d8371b55110941fb3b17800"},
    {file = "numpy-1.25.1-cp311-cp311-manylinux_2_17_aarch64.manylinux2014_aarch64.whl", hash = "sha256:41a56b70e8139884eccb2f733c2f7378af06c82304959e174f8e7370af112e09"},
    {file = "numpy-1.25.1-cp311-cp311-manylinux_2_17_x86_64.manylinux2014_x86_64.whl", hash = "sha256:d5154b1a25ec796b1aee12ac1b22f414f94752c5f94832f14d8d6c9ac40bcca6"},
    {file = "numpy-1.25.1-cp311-cp311-musllinux_1_1_x86_64.whl", hash = "sha256:38eb6548bb91c421261b4805dc44def9ca1a6eef6444ce35ad1669c0f1a3fc5d"},
    {file = "numpy-1.25.1-cp311-cp311-win32.whl", hash = "sha256:791f409064d0a69dd20579345d852c59822c6aa087f23b07b1b4e28ff5880fcb"},
    {file = "numpy-1.25.1-cp311-cp311-win_amd64.whl", hash = "sha256:c40571fe966393b212689aa17e32ed905924120737194b5d5c1b20b9ed0fb171"},
    {file = "numpy-1.25.1-cp39-cp39-macosx_10_9_x86_64.whl", hash = "sha256:3d7abcdd85aea3e6cdddb59af2350c7ab1ed764397f8eec97a038ad244d2d105"},
    {file = "numpy-1.25.1-cp39-cp39-macosx_11_0_arm64.whl", hash = "sha256:1a180429394f81c7933634ae49b37b472d343cccb5bb0c4a575ac8bbc433722f"},
    {file = "numpy-1.25.1-cp39-cp39-manylinux_2_17_aarch64.manylinux2014_aarch64.whl", hash = "sha256:d412c1697c3853c6fc3cb9751b4915859c7afe6a277c2bf00acf287d56c4e625"},
    {file = "numpy-1.25.1-cp39-cp39-manylinux_2_17_x86_64.manylinux2014_x86_64.whl", hash = "sha256:20e1266411120a4f16fad8efa8e0454d21d00b8c7cee5b5ccad7565d95eb42dd"},
    {file = "numpy-1.25.1-cp39-cp39-musllinux_1_1_x86_64.whl", hash = "sha256:f76aebc3358ade9eacf9bc2bb8ae589863a4f911611694103af05346637df1b7"},
    {file = "numpy-1.25.1-cp39-cp39-win32.whl", hash = "sha256:247d3ffdd7775bdf191f848be8d49100495114c82c2bd134e8d5d075fb386a1c"},
    {file = "numpy-1.25.1-cp39-cp39-win_amd64.whl", hash = "sha256:1d5d3c68e443c90b38fdf8ef40e60e2538a27548b39b12b73132456847f4b631"},
    {file = "numpy-1.25.1-pp39-pypy39_pp73-macosx_10_9_x86_64.whl", hash = "sha256:35a9527c977b924042170a0887de727cd84ff179e478481404c5dc66b4170009"},
    {file = "numpy-1.25.1-pp39-pypy39_pp73-manylinux_2_17_x86_64.manylinux2014_x86_64.whl", hash = "sha256:0d3fe3dd0506a28493d82dc3cf254be8cd0d26f4008a417385cbf1ae95b54004"},
    {file = "numpy-1.25.1-pp39-pypy39_pp73-win_amd64.whl", hash = "sha256:012097b5b0d00a11070e8f2e261128c44157a8689f7dedcf35576e525893f4fe"},
    {file = "numpy-1.25.1.tar.gz", hash = "sha256:9a3a9f3a61480cc086117b426a8bd86869c213fc4072e606f01c4e4b66eb92bf"},
]

[[package]]
name = "opencv-python"
version = "4.8.0.74"
description = "Wrapper package for OpenCV python bindings."
optional = false
python-versions = ">=3.6"
files = [
    {file = "opencv-python-4.8.0.74.tar.gz", hash = "sha256:009e3ce356a0cd2d7423723e00a32fd3d3cc5bb5970ed27a9a1f8a8f221d1db5"},
    {file = "opencv_python-4.8.0.74-cp37-abi3-macosx_10_16_x86_64.whl", hash = "sha256:31d0d59fc8fdf703de4cec46c79b9f8d026fdde9d23d6e2e6a66809feeebbda9"},
    {file = "opencv_python-4.8.0.74-cp37-abi3-macosx_11_0_arm64.whl", hash = "sha256:66eadb5882ee56848b67f9fb57aadcaca2f4c9d9d00a0ef11043041925b51291"},
    {file = "opencv_python-4.8.0.74-cp37-abi3-manylinux_2_17_aarch64.manylinux2014_aarch64.whl", hash = "sha256:038ba7075e55cb8e2846663ae970f0fb776a45b48ee69a887bf4ee15e2570083"},
    {file = "opencv_python-4.8.0.74-cp37-abi3-manylinux_2_17_x86_64.manylinux2014_x86_64.whl", hash = "sha256:43dd0dfe331fb95767af581bf3b2781d7a72cf6560ddf2f55949fe547f3e5c9f"},
    {file = "opencv_python-4.8.0.74-cp37-abi3-win32.whl", hash = "sha256:458e5dc377f15fcf769d80314f3d885bd95457b1a2891bee67df2eb24a1d3a52"},
    {file = "opencv_python-4.8.0.74-cp37-abi3-win_amd64.whl", hash = "sha256:8fe0018d0056a5187c57120b6b3f6c3e706c13b45c48e54e86d245a9a16fac84"},
]

[package.dependencies]
numpy = [
    {version = ">=1.21.2", markers = "python_version >= \"3.10\""},
    {version = ">=1.21.4", markers = "python_version >= \"3.10\" and platform_system == \"Darwin\""},
    {version = ">=1.23.5", markers = "python_version >= \"3.11\""},
    {version = ">=1.19.3", markers = "python_version >= \"3.6\" and platform_system == \"Linux\" and platform_machine == \"aarch64\" or python_version >= \"3.9\""},
    {version = ">=1.17.0", markers = "python_version >= \"3.7\""},
    {version = ">=1.17.3", markers = "python_version >= \"3.8\""},
]

[[package]]
name = "pyproj"
version = "3.6.0"
description = "Python interface to PROJ (cartographic projections and coordinate transformations library)"
optional = false
python-versions = ">=3.9"
files = [
    {file = "pyproj-3.6.0-cp310-cp310-macosx_10_9_x86_64.whl", hash = "sha256:e600f6a2771d3b41aeb2cc1efd96771ae9a01451013da1dd48ff272e7c6e34ef"},
    {file = "pyproj-3.6.0-cp310-cp310-macosx_11_0_arm64.whl", hash = "sha256:d7f6cd045df29aae960391dfe06a575c110af598f1dea5add8be6ca42332b0f5"},
    {file = "pyproj-3.6.0-cp310-cp310-manylinux_2_17_aarch64.manylinux2014_aarch64.whl", hash = "sha256:557e6592855111c84eda176ddf6b130f55d5e2b9cb1c017b8c91b69f37f474f5"},
    {file = "pyproj-3.6.0-cp310-cp310-manylinux_2_17_i686.manylinux2014_i686.whl", hash = "sha256:de6288b6ceabdeeac01abf627c74414822d322d8f55dc8efe4d29dedd27c5719"},
    {file = "pyproj-3.6.0-cp310-cp310-manylinux_2_17_x86_64.manylinux2014_x86_64.whl", hash = "sha256:e427ccdbb1763872416549bdfa9fa1f5f169054653c4daf674e71480cc39cf11"},
    {file = "pyproj-3.6.0-cp310-cp310-win32.whl", hash = "sha256:1283d3c1960edbb74828f5f3405b27578a9a27f7766ab6a3956f4bd851f08239"},
    {file = "pyproj-3.6.0-cp310-cp310-win_amd64.whl", hash = "sha256:9de1aab71234bfd3fd648a1152519b5ee152c43113d7d8ea52590a0140129501"},
    {file = "pyproj-3.6.0-cp311-cp311-macosx_10_9_x86_64.whl", hash = "sha256:00fab048596c17572fa8980014ef117dbb2a445e6f7ba3b9ddfcc683efc598e7"},
    {file = "pyproj-3.6.0-cp311-cp311-macosx_11_0_arm64.whl", hash = "sha256:ba5e7c8ddd6ed5a3f9fcf95ea80ba44c931913723de2ece841c94bb38b200c4a"},
    {file = "pyproj-3.6.0-cp311-cp311-manylinux_2_17_aarch64.manylinux2014_aarch64.whl", hash = "sha256:08dfc5c9533c78a97afae9d53b99b810a4a8f97c3be9eb2b8f323b726c736403"},
    {file = "pyproj-3.6.0-cp311-cp311-manylinux_2_17_i686.manylinux2014_i686.whl", hash = "sha256:18a8bdb87aeb41b60a2e91d32f623227de3569fb83b4c64b174c3a7c5b0ed3ae"},
    {file = "pyproj-3.6.0-cp311-cp311-manylinux_2_17_x86_64.manylinux2014_x86_64.whl", hash = "sha256:dfe392dfc0eba2248dc08c976a72f52ff9da2bddfddfd9ff5dcf18e8e88200c7"},
    {file = "pyproj-3.6.0-cp311-cp311-win32.whl", hash = "sha256:78276c6b0c831255c97c56dff7313a3571f327a284d8ac63d6a56437a72ed0e0"},
    {file = "pyproj-3.6.0-cp311-cp311-win_amd64.whl", hash = "sha256:8fbac2eb9a0e425d7d6b7c6f4ebacd675cf3bdef0c59887057b8b4b0374e7c12"},
    {file = "pyproj-3.6.0-cp39-cp39-macosx_10_9_x86_64.whl", hash = "sha256:95120d65cbc5983dfd877076f28dbc18b9b329cbee38ca6e217bb7a5a043c099"},
    {file = "pyproj-3.6.0-cp39-cp39-macosx_11_0_arm64.whl", hash = "sha256:830e6de7cfe43853967afee5ef908dfd5aa72d1ec12af9b9e3fecc179886e346"},
    {file = "pyproj-3.6.0-cp39-cp39-manylinux_2_17_aarch64.manylinux2014_aarch64.whl", hash = "sha256:e342b3010b2b20134671564ff9a8c476e5e512bf589477480aded1a5813af7c8"},
    {file = "pyproj-3.6.0-cp39-cp39-manylinux_2_17_i686.manylinux2014_i686.whl", hash = "sha256:23787460fab85ba2f857ee60ffb2e8e21fd9bd5db9833c51c1c05b2a6d9f0be5"},
    {file = "pyproj-3.6.0-cp39-cp39-manylinux_2_17_x86_64.manylinux2014_x86_64.whl", hash = "sha256:595376e4d3bb72b7dceeccbce0f4c43053d47561f17a1ad0224407e9980ee849"},
    {file = "pyproj-3.6.0-cp39-cp39-win32.whl", hash = "sha256:4d8a9773503085eada59b6892c96ddf686ab8cf64cfdc18ad744d13ee76dfa6f"},
    {file = "pyproj-3.6.0-cp39-cp39-win_amd64.whl", hash = "sha256:137a07404f937f264b11b7130cd4cfa00002dbe4333b222e8056db84849c2ea4"},
    {file = "pyproj-3.6.0-pp39-pypy39_pp73-macosx_10_9_x86_64.whl", hash = "sha256:2799499a4045e4fb73e44c31bdacab0593a253a7a4b6baae6fdd27d604cf9bc2"},
    {file = "pyproj-3.6.0-pp39-pypy39_pp73-manylinux_2_17_i686.manylinux2014_i686.whl", hash = "sha256:f04f6297c615c3b17f835df2556ac8fb9b4f51f281e960437eaf0cd80e7ae26a"},
    {file = "pyproj-3.6.0-pp39-pypy39_pp73-manylinux_2_17_x86_64.manylinux2014_x86_64.whl", hash = "sha256:3a4d2d438b007cb1f8d5f6f308d53d7ff9a2508cff8f9da6e2a93b76ffd98aaf"},
    {file = "pyproj-3.6.0.tar.gz", hash = "sha256:a5b111865b3f0f8b77b3983f2fbe4dd6248fc09d3730295949977c8dcd988062"},
]

[package.dependencies]
certifi = "*"

[[package]]
name = "pyyaml"
version = "6.0.1"
description = "YAML parser and emitter for Python"
optional = false
python-versions = ">=3.6"
files = [
    {file = "PyYAML-6.0.1-cp310-cp310-macosx_10_9_x86_64.whl", hash = "sha256:d858aa552c999bc8a8d57426ed01e40bef403cd8ccdd0fc5f6f04a00414cac2a"},
    {file = "PyYAML-6.0.1-cp310-cp310-macosx_11_0_arm64.whl", hash = "sha256:fd66fc5d0da6d9815ba2cebeb4205f95818ff4b79c3ebe268e75d961704af52f"},
    {file = "PyYAML-6.0.1-cp310-cp310-manylinux_2_17_aarch64.manylinux2014_aarch64.whl", hash = "sha256:69b023b2b4daa7548bcfbd4aa3da05b3a74b772db9e23b982788168117739938"},
    {file = "PyYAML-6.0.1-cp310-cp310-manylinux_2_17_s390x.manylinux2014_s390x.whl", hash = "sha256:81e0b275a9ecc9c0c0c07b4b90ba548307583c125f54d5b6946cfee6360c733d"},
    {file = "PyYAML-6.0.1-cp310-cp310-manylinux_2_17_x86_64.manylinux2014_x86_64.whl", hash = "sha256:ba336e390cd8e4d1739f42dfe9bb83a3cc2e80f567d8805e11b46f4a943f5515"},
    {file = "PyYAML-6.0.1-cp310-cp310-win32.whl", hash = "sha256:bd4af7373a854424dabd882decdc5579653d7868b8fb26dc7d0e99f823aa5924"},
    {file = "PyYAML-6.0.1-cp310-cp310-win_amd64.whl", hash = "sha256:fd1592b3fdf65fff2ad0004b5e363300ef59ced41c2e6b3a99d4089fa8c5435d"},
    {file = "PyYAML-6.0.1-cp311-cp311-macosx_10_9_x86_64.whl", hash = "sha256:6965a7bc3cf88e5a1c3bd2e0b5c22f8d677dc88a455344035f03399034eb3007"},
    {file = "PyYAML-6.0.1-cp311-cp311-macosx_11_0_arm64.whl", hash = "sha256:f003ed9ad21d6a4713f0a9b5a7a0a79e08dd0f221aff4525a2be4c346ee60aab"},
    {file = "PyYAML-6.0.1-cp311-cp311-manylinux_2_17_aarch64.manylinux2014_aarch64.whl", hash = "sha256:42f8152b8dbc4fe7d96729ec2b99c7097d656dc1213a3229ca5383f973a5ed6d"},
    {file = "PyYAML-6.0.1-cp311-cp311-manylinux_2_17_s390x.manylinux2014_s390x.whl", hash = "sha256:062582fca9fabdd2c8b54a3ef1c978d786e0f6b3a1510e0ac93ef59e0ddae2bc"},
    {file = "PyYAML-6.0.1-cp311-cp311-manylinux_2_17_x86_64.manylinux2014_x86_64.whl", hash = "sha256:d2b04aac4d386b172d5b9692e2d2da8de7bfb6c387fa4f801fbf6fb2e6ba4673"},
    {file = "PyYAML-6.0.1-cp311-cp311-win32.whl", hash = "sha256:1635fd110e8d85d55237ab316b5b011de701ea0f29d07611174a1b42f1444741"},
    {file = "PyYAML-6.0.1-cp311-cp311-win_amd64.whl", hash = "sha256:bf07ee2fef7014951eeb99f56f39c9bb4af143d8aa3c21b1677805985307da34"},
    {file = "PyYAML-6.0.1-cp36-cp36m-macosx_10_9_x86_64.whl", hash = "sha256:50550eb667afee136e9a77d6dc71ae76a44df8b3e51e41b77f6de2932bfe0f47"},
    {file = "PyYAML-6.0.1-cp36-cp36m-manylinux_2_17_aarch64.manylinux2014_aarch64.whl", hash = "sha256:1fe35611261b29bd1de0070f0b2f47cb6ff71fa6595c077e42bd0c419fa27b98"},
    {file = "PyYAML-6.0.1-cp36-cp36m-manylinux_2_17_s390x.manylinux2014_s390x.whl", hash = "sha256:704219a11b772aea0d8ecd7058d0082713c3562b4e271b849ad7dc4a5c90c13c"},
    {file = "PyYAML-6.0.1-cp36-cp36m-manylinux_2_17_x86_64.manylinux2014_x86_64.whl", hash = "sha256:afd7e57eddb1a54f0f1a974bc4391af8bcce0b444685d936840f125cf046d5bd"},
    {file = "PyYAML-6.0.1-cp36-cp36m-win32.whl", hash = "sha256:fca0e3a251908a499833aa292323f32437106001d436eca0e6e7833256674585"},
    {file = "PyYAML-6.0.1-cp36-cp36m-win_amd64.whl", hash = "sha256:f22ac1c3cac4dbc50079e965eba2c1058622631e526bd9afd45fedd49ba781fa"},
    {file = "PyYAML-6.0.1-cp37-cp37m-macosx_10_9_x86_64.whl", hash = "sha256:b1275ad35a5d18c62a7220633c913e1b42d44b46ee12554e5fd39c70a243d6a3"},
    {file = "PyYAML-6.0.1-cp37-cp37m-manylinux_2_17_aarch64.manylinux2014_aarch64.whl", hash = "sha256:18aeb1bf9a78867dc38b259769503436b7c72f7a1f1f4c93ff9a17de54319b27"},
    {file = "PyYAML-6.0.1-cp37-cp37m-manylinux_2_17_s390x.manylinux2014_s390x.whl", hash = "sha256:596106435fa6ad000c2991a98fa58eeb8656ef2325d7e158344fb33864ed87e3"},
    {file = "PyYAML-6.0.1-cp37-cp37m-manylinux_2_17_x86_64.manylinux2014_x86_64.whl", hash = "sha256:baa90d3f661d43131ca170712d903e6295d1f7a0f595074f151c0aed377c9b9c"},
    {file = "PyYAML-6.0.1-cp37-cp37m-win32.whl", hash = "sha256:9046c58c4395dff28dd494285c82ba00b546adfc7ef001486fbf0324bc174fba"},
    {file = "PyYAML-6.0.1-cp37-cp37m-win_amd64.whl", hash = "sha256:4fb147e7a67ef577a588a0e2c17b6db51dda102c71de36f8549b6816a96e1867"},
    {file = "PyYAML-6.0.1-cp38-cp38-macosx_10_9_x86_64.whl", hash = "sha256:1d4c7e777c441b20e32f52bd377e0c409713e8bb1386e1099c2415f26e479595"},
    {file = "PyYAML-6.0.1-cp38-cp38-manylinux_2_17_aarch64.manylinux2014_aarch64.whl", hash = "sha256:a0cd17c15d3bb3fa06978b4e8958dcdc6e0174ccea823003a106c7d4d7899ac5"},
    {file = "PyYAML-6.0.1-cp38-cp38-manylinux_2_17_s390x.manylinux2014_s390x.whl", hash = "sha256:28c119d996beec18c05208a8bd78cbe4007878c6dd15091efb73a30e90539696"},
    {file = "PyYAML-6.0.1-cp38-cp38-manylinux_2_17_x86_64.manylinux2014_x86_64.whl", hash = "sha256:7e07cbde391ba96ab58e532ff4803f79c4129397514e1413a7dc761ccd755735"},
    {file = "PyYAML-6.0.1-cp38-cp38-win32.whl", hash = "sha256:184c5108a2aca3c5b3d3bf9395d50893a7ab82a38004c8f61c258d4428e80206"},
    {file = "PyYAML-6.0.1-cp38-cp38-win_amd64.whl", hash = "sha256:1e2722cc9fbb45d9b87631ac70924c11d3a401b2d7f410cc0e3bbf249f2dca62"},
    {file = "PyYAML-6.0.1-cp39-cp39-macosx_10_9_x86_64.whl", hash = "sha256:9eb6caa9a297fc2c2fb8862bc5370d0303ddba53ba97e71f08023b6cd73d16a8"},
    {file = "PyYAML-6.0.1-cp39-cp39-macosx_11_0_arm64.whl", hash = "sha256:c8098ddcc2a85b61647b2590f825f3db38891662cfc2fc776415143f599bb859"},
    {file = "PyYAML-6.0.1-cp39-cp39-manylinux_2_17_aarch64.manylinux2014_aarch64.whl", hash = "sha256:5773183b6446b2c99bb77e77595dd486303b4faab2b086e7b17bc6bef28865f6"},
    {file = "PyYAML-6.0.1-cp39-cp39-manylinux_2_17_s390x.manylinux2014_s390x.whl", hash = "sha256:b786eecbdf8499b9ca1d697215862083bd6d2a99965554781d0d8d1ad31e13a0"},
    {file = "PyYAML-6.0.1-cp39-cp39-manylinux_2_17_x86_64.manylinux2014_x86_64.whl", hash = "sha256:bc1bf2925a1ecd43da378f4db9e4f799775d6367bdb94671027b73b393a7c42c"},
    {file = "PyYAML-6.0.1-cp39-cp39-win32.whl", hash = "sha256:faca3bdcf85b2fc05d06ff3fbc1f83e1391b3e724afa3feba7d13eeab355484c"},
    {file = "PyYAML-6.0.1-cp39-cp39-win_amd64.whl", hash = "sha256:510c9deebc5c0225e8c96813043e62b680ba2f9c50a08d3724c7f28a747d1486"},
    {file = "PyYAML-6.0.1.tar.gz", hash = "sha256:bfdf460b1736c775f2ba9f6a92bca30bc2095067b8a9d77876d1fad6cc3b4a43"},
]

[metadata]
lock-version = "2.0"
python-versions = "^3.11"
content-hash = "d9ed1465363b7717f7fc8ccafb12e2d01a6163a31aac2611513edb140dc83736"
